{
  "name": "js-web",
  "version": "1.0.0",
  "lockfileVersion": 1,
  "requires": true,
  "dependencies": {
    "sound-play": {
      "version": "1.0.5",
      "resolved": "https://registry.npmjs.org/sound-play/-/sound-play-1.0.5.tgz",
      "integrity": "sha512-9ofZYwc+bsoavWvM4bbnt//YTh82KbZbkOtj9QhyAfP0XvtUAVU00BvLgBT5y8u8mXUjop1PpUvEfLC7K+3uuw=="
    }
  }
}
